
Microsoft Visual Studio Solution File, Format Version 12.00
# Visual Studio 15
VisualStudioVersion = 15.0.28307.421
MinimumVisualStudioVersion = 10.0.40219.1
Project("{FAE04EC0-301F-11D3-BF4B-00C04F79EFBC}") = "WebStore-API", "WebStore-API\WebStore-API.csproj", "{B7145B3A-766F-44D2-95C6-95CB79ACD334}"
EndProject
Project("{FAE04EC0-301F-11D3-BF4B-00C04F79EFBC}") = "DAL", "DAL\DAL.csproj", "{FCFB01E8-E848-4122-AB4E-70E5027A3FF8}"
EndProject
Global
	GlobalSection(SolutionConfigurationPlatforms) = preSolution
		Debug|Any CPU = Debug|Any CPU
		Release|Any CPU = Release|Any CPU
	EndGlobalSection
	GlobalSection(ProjectConfigurationPlatforms) = postSolution
		{B7145B3A-766F-44D2-95C6-95CB79ACD334}.Debug|Any CPU.ActiveCfg = Debug|Any CPU
		{B7145B3A-766F-44D2-95C6-95CB79ACD334}.Debug|Any CPU.Build.0 = Debug|Any CPU
		{B7145B3A-766F-44D2-95C6-95CB79ACD334}.Release|Any CPU.ActiveCfg = Release|Any CPU
		{B7145B3A-766F-44D2-95C6-95CB79ACD334}.Release|Any CPU.Build.0 = Release|Any CPU
		{FCFB01E8-E848-4122-AB4E-70E5027A3FF8}.Debug|Any CPU.ActiveCfg = Debug|Any CPU
		{FCFB01E8-E848-4122-AB4E-70E5027A3FF8}.Debug|Any CPU.Build.0 = Debug|Any CPU
		{FCFB01E8-E848-4122-AB4E-70E5027A3FF8}.Release|Any CPU.ActiveCfg = Release|Any CPU
		{FCFB01E8-E848-4122-AB4E-70E5027A3FF8}.Release|Any CPU.Build.0 = Release|Any CPU
	EndGlobalSection
	GlobalSection(SolutionProperties) = preSolution
		HideSolutionNode = FALSE
	EndGlobalSection
	GlobalSection(ExtensibilityGlobals) = postSolution
		SolutionGuid = {A29E1981-5BC2-4FEE-BDAB-7C796262B747}
	EndGlobalSection
EndGlobal
